
Microsoft Visual Studio Solution File, Format Version 12.00
# Visual Studio 15
VisualStudioVersion = 15.0.27703.2000
MinimumVisualStudioVersion = 10.0.40219.1
Project("{FAE04EC0-301F-11D3-BF4B-00C04F79EFBC}") = "DeclareArray", "DeclareArray\DeclareArray.csproj", "{22C63B56-13C3-4246-AF92-F5E5607C82B7}"
EndProject
Global
	GlobalSection(SolutionConfigurationPlatforms) = preSolution
		Debug|Any CPU = Debug|Any CPU
		Release|Any CPU = Release|Any CPU
	EndGlobalSection
	GlobalSection(ProjectConfigurationPlatforms) = postSolution
		{22C63B56-13C3-4246-AF92-F5E5607C82B7}.Debug|Any CPU.ActiveCfg = Debug|Any CPU
		{22C63B56-13C3-4246-AF92-F5E5607C82B7}.Debug|Any CPU.Build.0 = Debug|Any CPU
		{22C63B56-13C3-4246-AF92-F5E5607C82B7}.Release|Any CPU.ActiveCfg = Release|Any CPU
		{22C63B56-13C3-4246-AF92-F5E5607C82B7}.Release|Any CPU.Build.0 = Release|Any CPU
	EndGlobalSection
	GlobalSection(SolutionProperties) = preSolution
		HideSolutionNode = FALSE
	EndGlobalSection
	GlobalSection(ExtensibilityGlobals) = postSolution
		SolutionGuid = {799E5CD4-D5F6-4554-AFB4-963FCD9A10DE}
	EndGlobalSection
EndGlobal
